// !$*UTF8*$!
{
	archiveVersion = 1;
	classes = {
	};
	objectVersion = 56;
	objects = {

/* Begin PBXBuildFile section */
		9F8E9E2429C374BC00893102 /* AppDelegate.swift in Sources */ = {isa = PBXBuildFile; fileRef = 9F8E9E2329C374BC00893102 /* AppDelegate.swift */; };
		9F8E9E2629C374BC00893102 /* SceneDelegate.swift in Sources */ = {isa = PBXBuildFile; fileRef = 9F8E9E2529C374BC00893102 /* SceneDelegate.swift */; };
		9F8E9E2829C374BC00893102 /* TaskViewController.swift in Sources */ = {isa = PBXBuildFile; fileRef = 9F8E9E2729C374BC00893102 /* TaskViewController.swift */; };
		9F8E9E2D29C374BD00893102 /* Assets.xcassets in Resources */ = {isa = PBXBuildFile; fileRef = 9F8E9E2C29C374BD00893102 /* Assets.xcassets */; };
		9F8E9E3029C374BD00893102 /* LaunchScreen.storyboard in Resources */ = {isa = PBXBuildFile; fileRef = 9F8E9E2E29C374BD00893102 /* LaunchScreen.storyboard */; };
		9F8E9E3829C3765A00893102 /* Task.swift in Sources */ = {isa = PBXBuildFile; fileRef = 9F8E9E3729C3765A00893102 /* Task.swift */; };
		9F8E9E3A29C37AA700893102 /* TaskTableViewCell.swift in Sources */ = {isa = PBXBuildFile; fileRef = 9F8E9E3929C37AA700893102 /* TaskTableViewCell.swift */; };
		9F8E9E4429C381E700893102 /* Rubik-VariableFont_wght.ttf in Resources */ = {isa = PBXBuildFile; fileRef = 9F8E9E3D29C381E700893102 /* Rubik-VariableFont_wght.ttf */; };
		9F8E9E4529C381E700893102 /* Rubik-Italic-VariableFont_wght.ttf in Resources */ = {isa = PBXBuildFile; fileRef = 9F8E9E3E29C381E700893102 /* Rubik-Italic-VariableFont_wght.ttf */; };
		9F8E9E4629C381E700893102 /* Rubik-Bold.ttf in Resources */ = {isa = PBXBuildFile; fileRef = 9F8E9E4029C381E700893102 /* Rubik-Bold.ttf */; };
		9F8E9E4729C381E700893102 /* Rubik-Italic.ttf in Resources */ = {isa = PBXBuildFile; fileRef = 9F8E9E4129C381E700893102 /* Rubik-Italic.ttf */; };
		9F8E9E4829C381E700893102 /* Rubik-SemiBold.ttf in Resources */ = {isa = PBXBuildFile; fileRef = 9F8E9E4229C381E700893102 /* Rubik-SemiBold.ttf */; };
		9F8E9E4929C381E700893102 /* Rubik-Regular.ttf in Resources */ = {isa = PBXBuildFile; fileRef = 9F8E9E4329C381E700893102 /* Rubik-Regular.ttf */; };
		9F8E9E4B29C3943400893102 /* TaskDetailViewController.swift in Sources */ = {isa = PBXBuildFile; fileRef = 9F8E9E4A29C3943400893102 /* TaskDetailViewController.swift */; };
		9F8E9E4D29C7CD9E00893102 /* QuizViewController.swift in Sources */ = {isa = PBXBuildFile; fileRef = 9F8E9E4C29C7CD9E00893102 /* QuizViewController.swift */; };
		9F8E9E4F29C7CEA300893102 /* QuizBrain.swift in Sources */ = {isa = PBXBuildFile; fileRef = 9F8E9E4E29C7CEA300893102 /* QuizBrain.swift */; };
		9F8E9E5129CA49EE00893102 /* Question.swift in Sources */ = {isa = PBXBuildFile; fileRef = 9F8E9E5029CA49EE00893102 /* Question.swift */; };
		9FECCD2B29CD439600097E54 /* QuizCategoryCollectionVC.swift in Sources */ = {isa = PBXBuildFile; fileRef = 9FECCD2A29CD439600097E54 /* QuizCategoryCollectionVC.swift */; };
		9FECCD2D29CD442100097E54 /* QuizCategory.swift in Sources */ = {isa = PBXBuildFile; fileRef = 9FECCD2C29CD442100097E54 /* QuizCategory.swift */; };
		9FECCD2F29CD44AE00097E54 /* QuizStartViewController.swift in Sources */ = {isa = PBXBuildFile; fileRef = 9FECCD2E29CD44AE00097E54 /* QuizStartViewController.swift */; };
		9FECCD3129CD451C00097E54 /* QuizCategoryCell.swift in Sources */ = {isa = PBXBuildFile; fileRef = 9FECCD3029CD451C00097E54 /* QuizCategoryCell.swift */; };
/* End PBXBuildFile section */

/* Begin PBXFileReference section */
		9F8E9E2029C374BC00893102 /* CFAOnboarding.app */ = {isa = PBXFileReference; explicitFileType = wrapper.application; includeInIndex = 0; path = CFAOnboarding.app; sourceTree = BUILT_PRODUCTS_DIR; };
		9F8E9E2329C374BC00893102 /* AppDelegate.swift */ = {isa = PBXFileReference; lastKnownFileType = sourcecode.swift; path = AppDelegate.swift; sourceTree = "<group>"; };
		9F8E9E2529C374BC00893102 /* SceneDelegate.swift */ = {isa = PBXFileReference; lastKnownFileType = sourcecode.swift; path = SceneDelegate.swift; sourceTree = "<group>"; };
		9F8E9E2729C374BC00893102 /* TaskViewController.swift */ = {isa = PBXFileReference; lastKnownFileType = sourcecode.swift; path = TaskViewController.swift; sourceTree = "<group>"; };
		9F8E9E2C29C374BD00893102 /* Assets.xcassets */ = {isa = PBXFileReference; lastKnownFileType = folder.assetcatalog; path = Assets.xcassets; sourceTree = "<group>"; };
		9F8E9E2F29C374BD00893102 /* Base */ = {isa = PBXFileReference; lastKnownFileType = file.storyboard; name = Base; path = Base.lproj/LaunchScreen.storyboard; sourceTree = "<group>"; };
		9F8E9E3129C374BD00893102 /* Info.plist */ = {isa = PBXFileReference; lastKnownFileType = text.plist.xml; path = Info.plist; sourceTree = "<group>"; };
		9F8E9E3729C3765A00893102 /* Task.swift */ = {isa = PBXFileReference; lastKnownFileType = sourcecode.swift; path = Task.swift; sourceTree = "<group>"; };
		9F8E9E3929C37AA700893102 /* TaskTableViewCell.swift */ = {isa = PBXFileReference; lastKnownFileType = sourcecode.swift; path = TaskTableViewCell.swift; sourceTree = "<group>"; };
		9F8E9E3D29C381E700893102 /* Rubik-VariableFont_wght.ttf */ = {isa = PBXFileReference; lastKnownFileType = file; path = "Rubik-VariableFont_wght.ttf"; sourceTree = "<group>"; };
		9F8E9E3E29C381E700893102 /* Rubik-Italic-VariableFont_wght.ttf */ = {isa = PBXFileReference; lastKnownFileType = file; path = "Rubik-Italic-VariableFont_wght.ttf"; sourceTree = "<group>"; };
		9F8E9E4029C381E700893102 /* Rubik-Bold.ttf */ = {isa = PBXFileReference; lastKnownFileType = file; path = "Rubik-Bold.ttf"; sourceTree = "<group>"; };
		9F8E9E4129C381E700893102 /* Rubik-Italic.ttf */ = {isa = PBXFileReference; lastKnownFileType = file; path = "Rubik-Italic.ttf"; sourceTree = "<group>"; };
		9F8E9E4229C381E700893102 /* Rubik-SemiBold.ttf */ = {isa = PBXFileReference; lastKnownFileType = file; path = "Rubik-SemiBold.ttf"; sourceTree = "<group>"; };
		9F8E9E4329C381E700893102 /* Rubik-Regular.ttf */ = {isa = PBXFileReference; lastKnownFileType = file; path = "Rubik-Regular.ttf"; sourceTree = "<group>"; };
		9F8E9E4A29C3943400893102 /* TaskDetailViewController.swift */ = {isa = PBXFileReference; lastKnownFileType = sourcecode.swift; path = TaskDetailViewController.swift; sourceTree = "<group>"; };
		9F8E9E4C29C7CD9E00893102 /* QuizViewController.swift */ = {isa = PBXFileReference; lastKnownFileType = sourcecode.swift; path = QuizViewController.swift; sourceTree = "<group>"; };
		9F8E9E4E29C7CEA300893102 /* QuizBrain.swift */ = {isa = PBXFileReference; lastKnownFileType = sourcecode.swift; path = QuizBrain.swift; sourceTree = "<group>"; };
		9F8E9E5029CA49EE00893102 /* Question.swift */ = {isa = PBXFileReference; lastKnownFileType = sourcecode.swift; path = Question.swift; sourceTree = "<group>"; };
		9FECCD2A29CD439600097E54 /* QuizCategoryCollectionVC.swift */ = {isa = PBXFileReference; lastKnownFileType = sourcecode.swift; path = QuizCategoryCollectionVC.swift; sourceTree = "<group>"; };
		9FECCD2C29CD442100097E54 /* QuizCategory.swift */ = {isa = PBXFileReference; lastKnownFileType = sourcecode.swift; path = QuizCategory.swift; sourceTree = "<group>"; };
		9FECCD2E29CD44AE00097E54 /* QuizStartViewController.swift */ = {isa = PBXFileReference; lastKnownFileType = sourcecode.swift; path = QuizStartViewController.swift; sourceTree = "<group>"; };
		9FECCD3029CD451C00097E54 /* QuizCategoryCell.swift */ = {isa = PBXFileReference; lastKnownFileType = sourcecode.swift; path = QuizCategoryCell.swift; sourceTree = "<group>"; };
/* End PBXFileReference section */

/* Begin PBXFrameworksBuildPhase section */
		9F8E9E1D29C374BC00893102 /* Frameworks */ = {
			isa = PBXFrameworksBuildPhase;
			buildActionMask = 2147483647;
			files = (
			);
			runOnlyForDeploymentPostprocessing = 0;
		};
/* End PBXFrameworksBuildPhase section */

/* Begin PBXGroup section */
		9F8E9E1729C374BC00893102 = {
			isa = PBXGroup;
			children = (
				9F8E9E2229C374BC00893102 /* CFAOnboarding */,
				9F8E9E2129C374BC00893102 /* Products */,
			);
			sourceTree = "<group>";
		};
		9F8E9E2129C374BC00893102 /* Products */ = {
			isa = PBXGroup;
			children = (
				9F8E9E2029C374BC00893102 /* CFAOnboarding.app */,
			);
			name = Products;
			sourceTree = "<group>";
		};
		9F8E9E2229C374BC00893102 /* CFAOnboarding */ = {
			isa = PBXGroup;
			children = (
				9F8E9E2329C374BC00893102 /* AppDelegate.swift */,
				9F8E9E2529C374BC00893102 /* SceneDelegate.swift */,
				9F8E9E2729C374BC00893102 /* TaskViewController.swift */,
				9F8E9E3929C37AA700893102 /* TaskTableViewCell.swift */,
				9F8E9E4A29C3943400893102 /* TaskDetailViewController.swift */,
				9F8E9E4C29C7CD9E00893102 /* QuizViewController.swift */,
				9FECCD2A29CD439600097E54 /* QuizCategoryCollectionVC.swift */,
				9FECCD2E29CD44AE00097E54 /* QuizStartViewController.swift */,
				9F8E9E3729C3765A00893102 /* Task.swift */,
				9FECCD3029CD451C00097E54 /* QuizCategoryCell.swift */,
				9F8E9E4E29C7CEA300893102 /* QuizBrain.swift */,
				9FECCD2C29CD442100097E54 /* QuizCategory.swift */,
				9F8E9E5029CA49EE00893102 /* Question.swift */,
				9F8E9E2C29C374BD00893102 /* Assets.xcassets */,
				9F8E9E3B29C381E700893102 /* Fonts */,
				9F8E9E2E29C374BD00893102 /* LaunchScreen.storyboard */,
				9F8E9E3129C374BD00893102 /* Info.plist */,
			);
			path = CFAOnboarding;
			sourceTree = "<group>";
		};
		9F8E9E3B29C381E700893102 /* Fonts */ = {
			isa = PBXGroup;
			children = (
				9F8E9E3C29C381E700893102 /* Rubik */,
			);
			name = Fonts;
			path = ../../../Werdd/Werdd/Fonts;
			sourceTree = "<group>";
		};
		9F8E9E3C29C381E700893102 /* Rubik */ = {
			isa = PBXGroup;
			children = (
				9F8E9E3D29C381E700893102 /* Rubik-VariableFont_wght.ttf */,
				9F8E9E3E29C381E700893102 /* Rubik-Italic-VariableFont_wght.ttf */,
				9F8E9E3F29C381E700893102 /* static */,
			);
			path = Rubik;
			sourceTree = "<group>";
		};
		9F8E9E3F29C381E700893102 /* static */ = {
			isa = PBXGroup;
			children = (
				9F8E9E4029C381E700893102 /* Rubik-Bold.ttf */,
				9F8E9E4129C381E700893102 /* Rubik-Italic.ttf */,
				9F8E9E4229C381E700893102 /* Rubik-SemiBold.ttf */,
				9F8E9E4329C381E700893102 /* Rubik-Regular.ttf */,
			);
			path = static;
			sourceTree = "<group>";
		};
/* End PBXGroup section */

/* Begin PBXNativeTarget section */
		9F8E9E1F29C374BC00893102 /* CFAOnboarding */ = {
			isa = PBXNativeTarget;
			buildConfigurationList = 9F8E9E3429C374BD00893102 /* Build configuration list for PBXNativeTarget "CFAOnboarding" */;
			buildPhases = (
				9F8E9E1C29C374BC00893102 /* Sources */,
				9F8E9E1D29C374BC00893102 /* Frameworks */,
				9F8E9E1E29C374BC00893102 /* Resources */,
			);
			buildRules = (
			);
			dependencies = (
			);
			name = CFAOnboarding;
			productName = CFAOnboarding;
			productReference = 9F8E9E2029C374BC00893102 /* CFAOnboarding.app */;
			productType = "com.apple.product-type.application";
		};
/* End PBXNativeTarget section */

/* Begin PBXProject section */
		9F8E9E1829C374BC00893102 /* Project object */ = {
			isa = PBXProject;
			attributes = {
				BuildIndependentTargetsInParallel = 1;
				LastSwiftUpdateCheck = 1420;
				LastUpgradeCheck = 1420;
				TargetAttributes = {
					9F8E9E1F29C374BC00893102 = {
						CreatedOnToolsVersion = 14.2;
					};
				};
			};
			buildConfigurationList = 9F8E9E1B29C374BC00893102 /* Build configuration list for PBXProject "CFAOnboarding" */;
			compatibilityVersion = "Xcode 14.0";
			developmentRegion = en;
			hasScannedForEncodings = 0;
			knownRegions = (
				en,
				Base,
			);
			mainGroup = 9F8E9E1729C374BC00893102;
			productRefGroup = 9F8E9E2129C374BC00893102 /* Products */;
			projectDirPath = "";
			projectRoot = "";
			targets = (
				9F8E9E1F29C374BC00893102 /* CFAOnboarding */,
			);
		};
/* End PBXProject section */

/* Begin PBXResourcesBuildPhase section */
		9F8E9E1E29C374BC00893102 /* Resources */ = {
			isa = PBXResourcesBuildPhase;
			buildActionMask = 2147483647;
			files = (
				9F8E9E4429C381E700893102 /* Rubik-VariableFont_wght.ttf in Resources */,
				9F8E9E4929C381E700893102 /* Rubik-Regular.ttf in Resources */,
				9F8E9E4529C381E700893102 /* Rubik-Italic-VariableFont_wght.ttf in Resources */,
				9F8E9E4729C381E700893102 /* Rubik-Italic.ttf in Resources */,
				9F8E9E3029C374BD00893102 /* LaunchScreen.storyboard in Resources */,
				9F8E9E2D29C374BD00893102 /* Assets.xcassets in Resources */,
				9F8E9E4629C381E700893102 /* Rubik-Bold.ttf in Resources */,
				9F8E9E4829C381E700893102 /* Rubik-SemiBold.ttf in Resources */,
			);
			runOnlyForDeploymentPostprocessing = 0;
		};
/* End PBXResourcesBuildPhase section */

/* Begin PBXSourcesBuildPhase section */
		9F8E9E1C29C374BC00893102 /* Sources */ = {
			isa = PBXSourcesBuildPhase;
			buildActionMask = 2147483647;
			files = (
				9FECCD3129CD451C00097E54 /* QuizCategoryCell.swift in Sources */,
				9F8E9E3829C3765A00893102 /* Task.swift in Sources */,
				9F8E9E4D29C7CD9E00893102 /* QuizViewController.swift in Sources */,
				9F8E9E2829C374BC00893102 /* TaskViewController.swift in Sources */,
				9FECCD2B29CD439600097E54 /* QuizCategoryCollectionVC.swift in Sources */,
				9F8E9E5129CA49EE00893102 /* Question.swift in Sources */,
				9F8E9E3A29C37AA700893102 /* TaskTableViewCell.swift in Sources */,
				9FECCD2D29CD442100097E54 /* QuizCategory.swift in Sources */,
				9F8E9E4F29C7CEA300893102 /* QuizBrain.swift in Sources */,
				9F8E9E4B29C3943400893102 /* TaskDetailViewController.swift in Sources */,
				9F8E9E2429C374BC00893102 /* AppDelegate.swift in Sources */,
				9FECCD2F29CD44AE00097E54 /* QuizStartViewController.swift in Sources */,
				9F8E9E2629C374BC00893102 /* SceneDelegate.swift in Sources */,
			);
			runOnlyForDeploymentPostprocessing = 0;
		};
/* End PBXSourcesBuildPhase section */

/* Begin PBXVariantGroup section */
		9F8E9E2E29C374BD00893102 /* LaunchScreen.storyboard */ = {
			isa = PBXVariantGroup;
			children = (
				9F8E9E2F29C374BD00893102 /* Base */,
			);
			name = LaunchScreen.storyboard;
			sourceTree = "<group>";
		};
/* End PBXVariantGroup section */

/* Begin XCBuildConfiguration section */
		9F8E9E3229C374BD00893102 /* Debug */ = {
			isa = XCBuildConfiguration;
			buildSettings = {
				ALWAYS_SEARCH_USER_PATHS = NO;
				CLANG_ANALYZER_NONNULL = YES;
				CLANG_ANALYZER_NUMBER_OBJECT_CONVERSION = YES_AGGRESSIVE;
				CLANG_CXX_LANGUAGE_STANDARD = "gnu++20";
				CLANG_ENABLE_MODULES = YES;
				CLANG_ENABLE_OBJC_ARC = YES;
				CLANG_ENABLE_OBJC_WEAK = YES;
				CLANG_WARN_BLOCK_CAPTURE_AUTORELEASING = YES;
				CLANG_WARN_BOOL_CONVERSION = YES;
				CLANG_WARN_COMMA = YES;
				CLANG_WARN_CONSTANT_CONVERSION = YES;
				CLANG_WARN_DEPRECATED_OBJC_IMPLEMENTATIONS = YES;
				CLANG_WARN_DIRECT_OBJC_ISA_USAGE = YES_ERROR;
				CLANG_WARN_DOCUMENTATION_COMMENTS = YES;
				CLANG_WARN_EMPTY_BODY = YES;
				CLANG_WARN_ENUM_CONVERSION = YES;
				CLANG_WARN_INFINITE_RECURSION = YES;
				CLANG_WARN_INT_CONVERSION = YES;
				CLANG_WARN_NON_LITERAL_NULL_CONVERSION = YES;
				CLANG_WARN_OBJC_IMPLICIT_RETAIN_SELF = YES;
				CLANG_WARN_OBJC_LITERAL_CONVERSION = YES;
				CLANG_WARN_OBJC_ROOT_CLASS = YES_ERROR;
				CLANG_WARN_QUOTED_INCLUDE_IN_FRAMEWORK_HEADER = YES;
				CLANG_WARN_RANGE_LOOP_ANALYSIS = YES;
				CLANG_WARN_STRICT_PROTOTYPES = YES;
				CLANG_WARN_SUSPICIOUS_MOVE = YES;
				CLANG_WARN_UNGUARDED_AVAILABILITY = YES_AGGRESSIVE;
				CLANG_WARN_UNREACHABLE_CODE = YES;
				CLANG_WARN__DUPLICATE_METHOD_MATCH = YES;
				COPY_PHASE_STRIP = NO;
				DEBUG_INFORMATION_FORMAT = dwarf;
				ENABLE_STRICT_OBJC_MSGSEND = YES;
				ENABLE_TESTABILITY = YES;
				GCC_C_LANGUAGE_STANDARD = gnu11;
				GCC_DYNAMIC_NO_PIC = NO;
				GCC_NO_COMMON_BLOCKS = YES;
				GCC_OPTIMIZATION_LEVEL = 0;
				GCC_PREPROCESSOR_DEFINITIONS = (
					"DEBUG=1",
					"$(inherited)",
				);
				GCC_WARN_64_TO_32_BIT_CONVERSION = YES;
				GCC_WARN_ABOUT_RETURN_TYPE = YES_ERROR;
				GCC_WARN_UNDECLARED_SELECTOR = YES;
				GCC_WARN_UNINITIALIZED_AUTOS = YES_AGGRESSIVE;
				GCC_WARN_UNUSED_FUNCTION = YES;
				GCC_WARN_UNUSED_VARIABLE = YES;
				IPHONEOS_DEPLOYMENT_TARGET = 16.2;
				MTL_ENABLE_DEBUG_INFO = INCLUDE_SOURCE;
				MTL_FAST_MATH = YES;
				ONLY_ACTIVE_ARCH = YES;
				SDKROOT = iphoneos;
				SWIFT_ACTIVE_COMPILATION_CONDITIONS = DEBUG;
				SWIFT_OPTIMIZATION_LEVEL = "-Onone";
			};
			name = Debug;
		};
		9F8E9E3329C374BD00893102 /* Release */ = {
			isa = XCBuildConfiguration;
			buildSettings = {
				ALWAYS_SEARCH_USER_PATHS = NO;
				CLANG_ANALYZER_NONNULL = YES;
				CLANG_ANALYZER_NUMBER_OBJECT_CONVERSION = YES_AGGRESSIVE;
				CLANG_CXX_LANGUAGE_STANDARD = "gnu++20";
				CLANG_ENABLE_MODULES = YES;
				CLANG_ENABLE_OBJC_ARC = YES;
				CLANG_ENABLE_OBJC_WEAK = YES;
				CLANG_WARN_BLOCK_CAPTURE_AUTORELEASING = YES;
				CLANG_WARN_BOOL_CONVERSION = YES;
				CLANG_WARN_COMMA = YES;
				CLANG_WARN_CONSTANT_CONVERSION = YES;
				CLANG_WARN_DEPRECATED_OBJC_IMPLEMENTATIONS = YES;
				CLANG_WARN_DIRECT_OBJC_ISA_USAGE = YES_ERROR;
				CLANG_WARN_DOCUMENTATION_COMMENTS = YES;
				CLANG_WARN_EMPTY_BODY = YES;
				CLANG_WARN_ENUM_CONVERSION = YES;
				CLANG_WARN_INFINITE_RECURSION = YES;
				CLANG_WARN_INT_CONVERSION = YES;
				CLANG_WARN_NON_LITERAL_NULL_CONVERSION = YES;
				CLANG_WARN_OBJC_IMPLICIT_RETAIN_SELF = YES;
				CLANG_WARN_OBJC_LITERAL_CONVERSION = YES;
				CLANG_WARN_OBJC_ROOT_CLASS = YES_ERROR;
				CLANG_WARN_QUOTED_INCLUDE_IN_FRAMEWORK_HEADER = YES;
				CLANG_WARN_RANGE_LOOP_ANALYSIS = YES;
				CLANG_WARN_STRICT_PROTOTYPES = YES;
				CLANG_WARN_SUSPICIOUS_MOVE = YES;
				CLANG_WARN_UNGUARDED_AVAILABILITY = YES_AGGRESSIVE;
				CLANG_WARN_UNREACHABLE_CODE = YES;
				CLANG_WARN__DUPLICATE_METHOD_MATCH = YES;
				COPY_PHASE_STRIP = NO;
				DEBUG_INFORMATION_FORMAT = "dwarf-with-dsym";
				ENABLE_NS_ASSERTIONS = NO;
				ENABLE_STRICT_OBJC_MSGSEND = YES;
				GCC_C_LANGUAGE_STANDARD = gnu11;
				GCC_NO_COMMON_BLOCKS = YES;
				GCC_WARN_64_TO_32_BIT_CONVERSION = YES;
				GCC_WARN_ABOUT_RETURN_TYPE = YES_ERROR;
				GCC_WARN_UNDECLARED_SELECTOR = YES;
				GCC_WARN_UNINITIALIZED_AUTOS = YES_AGGRESSIVE;
				GCC_WARN_UNUSED_FUNCTION = YES;
				GCC_WARN_UNUSED_VARIABLE = YES;
				IPHONEOS_DEPLOYMENT_TARGET = 16.2;
				MTL_ENABLE_DEBUG_INFO = NO;
				MTL_FAST_MATH = YES;
				SDKROOT = iphoneos;
				SWIFT_COMPILATION_MODE = wholemodule;
				SWIFT_OPTIMIZATION_LEVEL = "-O";
				VALIDATE_PRODUCT = YES;
			};
			name = Release;
		};
		9F8E9E3529C374BD00893102 /* Debug */ = {
			isa = XCBuildConfiguration;
			buildSettings = {
				ASSETCATALOG_COMPILER_APPICON_NAME = AppIcon;
				ASSETCATALOG_COMPILER_GLOBAL_ACCENT_COLOR_NAME = AccentColor;
				CODE_SIGN_STYLE = Automatic;
				CURRENT_PROJECT_VERSION = 1;
				DEVELOPMENT_TEAM = 4BPQ98Z5QY;
				GENERATE_INFOPLIST_FILE = YES;
				INFOPLIST_FILE = CFAOnboarding/Info.plist;
				INFOPLIST_KEY_UIApplicationSupportsIndirectInputEvents = YES;
				INFOPLIST_KEY_UILaunchStoryboardName = LaunchScreen;
				INFOPLIST_KEY_UISupportedInterfaceOrientations = UIInterfaceOrientationPortrait;
				LD_RUNPATH_SEARCH_PATHS = (
					"$(inherited)",
					"@executable_path/Frameworks",
				);
				MARKETING_VERSION = 1.0;
				PRODUCT_BUNDLE_IDENTIFIER = com.markmartin89.CFAOnboarding;
				PRODUCT_NAME = "$(TARGET_NAME)";
				SWIFT_EMIT_LOC_STRINGS = YES;
				SWIFT_VERSION = 5.0;
				TARGETED_DEVICE_FAMILY = "1,2";
			};
			name = Debug;
		};
		9F8E9E3629C374BD00893102 /* Release */ = {
			isa = XCBuildConfiguration;
			buildSettings = {
				ASSETCATALOG_COMPILER_APPICON_NAME = AppIcon;
				ASSETCATALOG_COMPILER_GLOBAL_ACCENT_COLOR_NAME = AccentColor;
				CODE_SIGN_STYLE = Automatic;
				CURRENT_PROJECT_VERSION = 1;
				DEVELOPMENT_TEAM = 4BPQ98Z5QY;
				GENERATE_INFOPLIST_FILE = YES;
				INFOPLIST_FILE = CFAOnboarding/Info.plist;
				INFOPLIST_KEY_UIApplicationSupportsIndirectInputEvents = YES;
				INFOPLIST_KEY_UILaunchStoryboardName = LaunchScreen;
				INFOPLIST_KEY_UISupportedInterfaceOrientations = UIInterfaceOrientationPortrait;
				LD_RUNPATH_SEARCH_PATHS = (
					"$(inherited)",
					"@executable_path/Frameworks",
				);
				MARKETING_VERSION = 1.0;
				PRODUCT_BUNDLE_IDENTIFIER = com.markmartin89.CFAOnboarding;
				PRODUCT_NAME = "$(TARGET_NAME)";
				SWIFT_EMIT_LOC_STRINGS = YES;
				SWIFT_VERSION = 5.0;
				TARGETED_DEVICE_FAMILY = "1,2";
			};
			name = Release;
		};
/* End XCBuildConfiguration section */

/* Begin XCConfigurationList section */
		9F8E9E1B29C374BC00893102 /* Build configuration list for PBXProject "CFAOnboarding" */ = {
			isa = XCConfigurationList;
			buildConfigurations = (
				9F8E9E3229C374BD00893102 /* Debug */,
				9F8E9E3329C374BD00893102 /* Release */,
			);
			defaultConfigurationIsVisible = 0;
			defaultConfigurationName = Release;
		};
		9F8E9E3429C374BD00893102 /* Build configuration list for PBXNativeTarget "CFAOnboarding" */ = {
			isa = XCConfigurationList;
			buildConfigurations = (
				9F8E9E3529C374BD00893102 /* Debug */,
				9F8E9E3629C374BD00893102 /* Release */,
			);
			defaultConfigurationIsVisible = 0;
			defaultConfigurationName = Release;
		};
/* End XCConfigurationList section */
	};
	rootObject = 9F8E9E1829C374BC00893102 /* Project object */;
}
